
Microsoft Visual Studio Solution File, Format Version 12.00
# Visual Studio Version 16
VisualStudioVersion = 16.0.30907.101
MinimumVisualStudioVersion = 10.0.40219.1
Project("{9A19103F-16F7-4668-BE54-9A1E7A4F7556}") = "AnyShareSDK", "AnyShareSDK\AnyShareSDK.csproj", "{A32C9B31-7ADC-413F-8500-003CF6F49CF0}"
EndProject
Global
	GlobalSection(SolutionConfigurationPlatforms) = preSolution
		Debug|Any CPU = Debug|Any CPU
		Debug|ARM = Debug|ARM
		Debug|ARM64 = Debug|ARM64
		Debug|x64 = Debug|x64
		Debug|x86 = Debug|x86
		Release|Any CPU = Release|Any CPU
		Release|ARM = Release|ARM
		Release|ARM64 = Release|ARM64
		Release|x64 = Release|x64
		Release|x86 = Release|x86
	EndGlobalSection
	GlobalSection(ProjectConfigurationPlatforms) = postSolution
		{A32C9B31-7ADC-413F-8500-003CF6F49CF0}.Debug|Any CPU.ActiveCfg = Debug|Any CPU
		{A32C9B31-7ADC-413F-8500-003CF6F49CF0}.Debug|Any CPU.Build.0 = Debug|Any CPU
		{A32C9B31-7ADC-413F-8500-003CF6F49CF0}.Debug|ARM.ActiveCfg = Debug|Any CPU
		{A32C9B31-7ADC-413F-8500-003CF6F49CF0}.Debug|ARM.Build.0 = Debug|Any CPU
		{A32C9B31-7ADC-413F-8500-003CF6F49CF0}.Debug|ARM64.ActiveCfg = Debug|Any CPU
		{A32C9B31-7ADC-413F-8500-003CF6F49CF0}.Debug|ARM64.Build.0 = Debug|Any CPU
		{A32C9B31-7ADC-413F-8500-003CF6F49CF0}.Debug|x64.ActiveCfg = Debug|Any CPU
		{A32C9B31-7ADC-413F-8500-003CF6F49CF0}.Debug|x64.Build.0 = Debug|Any CPU
		{A32C9B31-7ADC-413F-8500-003CF6F49CF0}.Debug|x86.ActiveCfg = Debug|Any CPU
		{A32C9B31-7ADC-413F-8500-003CF6F49CF0}.Debug|x86.Build.0 = Debug|Any CPU
		{A32C9B31-7ADC-413F-8500-003CF6F49CF0}.Release|Any CPU.ActiveCfg = Release|Any CPU
		{A32C9B31-7ADC-413F-8500-003CF6F49CF0}.Release|Any CPU.Build.0 = Release|Any CPU
		{A32C9B31-7ADC-413F-8500-003CF6F49CF0}.Release|ARM.ActiveCfg = Release|Any CPU
		{A32C9B31-7ADC-413F-8500-003CF6F49CF0}.Release|ARM.Build.0 = Release|Any CPU
		{A32C9B31-7ADC-413F-8500-003CF6F49CF0}.Release|ARM64.ActiveCfg = Release|Any CPU
		{A32C9B31-7ADC-413F-8500-003CF6F49CF0}.Release|ARM64.Build.0 = Release|Any CPU
		{A32C9B31-7ADC-413F-8500-003CF6F49CF0}.Release|x64.ActiveCfg = Release|Any CPU
		{A32C9B31-7ADC-413F-8500-003CF6F49CF0}.Release|x64.Build.0 = Release|Any CPU
		{A32C9B31-7ADC-413F-8500-003CF6F49CF0}.Release|x86.ActiveCfg = Release|Any CPU
		{A32C9B31-7ADC-413F-8500-003CF6F49CF0}.Release|x86.Build.0 = Release|Any CPU
	EndGlobalSection
	GlobalSection(SolutionProperties) = preSolution
		HideSolutionNode = FALSE
	EndGlobalSection
	GlobalSection(ExtensibilityGlobals) = postSolution
		SolutionGuid = {0557C367-9209-497F-A9D6-233F1585B9A9}
	EndGlobalSection
EndGlobal
