
Microsoft Visual Studio Solution File, Format Version 12.00
# Visual Studio Version 16
VisualStudioVersion = 16.0.30907.101
MinimumVisualStudioVersion = 10.0.40219.1
Project("{FAE04EC0-301F-11D3-BF4B-00C04F79EFBC}") = "AnyShareSDK", "AnyShareSDK\AnyShareSDK.csproj", "{A32C9B31-7ADC-413F-8500-003CF6F49CF0}"
EndProject
Global
	GlobalSection(SolutionConfigurationPlatforms) = preSolution
		Debug|Any CPU = Debug|Any CPU
		Release|Any CPU = Release|Any CPU
	EndGlobalSection
	GlobalSection(ProjectConfigurationPlatforms) = postSolution
		{A32C9B31-7ADC-413F-8500-003CF6F49CF0}.Debug|Any CPU.ActiveCfg = Debug|Any CPU
		{A32C9B31-7ADC-413F-8500-003CF6F49CF0}.Debug|Any CPU.Build.0 = Debug|Any CPU
		{A32C9B31-7ADC-413F-8500-003CF6F49CF0}.Release|Any CPU.ActiveCfg = Release|Any CPU
		{A32C9B31-7ADC-413F-8500-003CF6F49CF0}.Release|Any CPU.Build.0 = Release|Any CPU
	EndGlobalSection
	GlobalSection(SolutionProperties) = preSolution
		HideSolutionNode = FALSE
	EndGlobalSection
	GlobalSection(ExtensibilityGlobals) = postSolution
		SolutionGuid = {0557C367-9209-497F-A9D6-233F1585B9A9}
	EndGlobalSection
EndGlobal
